
Microsoft Visual Studio Solution File, Format Version 12.00
# Visual Studio 2012
Project("{FAE04EC0-301F-11D3-BF4B-00C04F79EFBC}") = "Naxam.ExpandingCollection.iOS", "Naxam.ExpandingCollection.iOS\Naxam.ExpandingCollection.iOS.csproj", "{D8FC2316-B25A-4E17-AB1C-87581F89859F}"
EndProject
Project("{FAE04EC0-301F-11D3-BF4B-00C04F79EFBC}") = "ExpandingCollectionQs", "ExpandingCollectionQs\ExpandingCollectionQs.csproj", "{6BD68FDB-362E-4A1E-88DD-54F4EDE466D6}"
EndProject
Global
	GlobalSection(SolutionConfigurationPlatforms) = preSolution
		Debug|Any CPU = Debug|Any CPU
		Release|Any CPU = Release|Any CPU
		Debug|iPhoneSimulator = Debug|iPhoneSimulator
		Release|iPhone = Release|iPhone
		Release|iPhoneSimulator = Release|iPhoneSimulator
		Debug|iPhone = Debug|iPhone
	EndGlobalSection
	GlobalSection(ProjectConfigurationPlatforms) = postSolution
		{D8FC2316-B25A-4E17-AB1C-87581F89859F}.Debug|Any CPU.ActiveCfg = Debug|Any CPU
		{D8FC2316-B25A-4E17-AB1C-87581F89859F}.Debug|Any CPU.Build.0 = Debug|Any CPU
		{D8FC2316-B25A-4E17-AB1C-87581F89859F}.Release|Any CPU.ActiveCfg = Release|Any CPU
		{D8FC2316-B25A-4E17-AB1C-87581F89859F}.Release|Any CPU.Build.0 = Release|Any CPU
		{D8FC2316-B25A-4E17-AB1C-87581F89859F}.Debug|iPhoneSimulator.ActiveCfg = Debug|Any CPU
		{D8FC2316-B25A-4E17-AB1C-87581F89859F}.Debug|iPhoneSimulator.Build.0 = Debug|Any CPU
		{D8FC2316-B25A-4E17-AB1C-87581F89859F}.Release|iPhone.ActiveCfg = Release|Any CPU
		{D8FC2316-B25A-4E17-AB1C-87581F89859F}.Release|iPhone.Build.0 = Release|Any CPU
		{D8FC2316-B25A-4E17-AB1C-87581F89859F}.Release|iPhoneSimulator.ActiveCfg = Release|Any CPU
		{D8FC2316-B25A-4E17-AB1C-87581F89859F}.Release|iPhoneSimulator.Build.0 = Release|Any CPU
		{D8FC2316-B25A-4E17-AB1C-87581F89859F}.Debug|iPhone.ActiveCfg = Debug|Any CPU
		{D8FC2316-B25A-4E17-AB1C-87581F89859F}.Debug|iPhone.Build.0 = Debug|Any CPU
		{6BD68FDB-362E-4A1E-88DD-54F4EDE466D6}.Debug|Any CPU.ActiveCfg = Debug|iPhoneSimulator
		{6BD68FDB-362E-4A1E-88DD-54F4EDE466D6}.Debug|Any CPU.Build.0 = Debug|iPhoneSimulator
		{6BD68FDB-362E-4A1E-88DD-54F4EDE466D6}.Release|Any CPU.ActiveCfg = Release|iPhone
		{6BD68FDB-362E-4A1E-88DD-54F4EDE466D6}.Release|Any CPU.Build.0 = Release|iPhone
		{6BD68FDB-362E-4A1E-88DD-54F4EDE466D6}.Debug|iPhoneSimulator.ActiveCfg = Debug|iPhoneSimulator
		{6BD68FDB-362E-4A1E-88DD-54F4EDE466D6}.Debug|iPhoneSimulator.Build.0 = Debug|iPhoneSimulator
		{6BD68FDB-362E-4A1E-88DD-54F4EDE466D6}.Release|iPhone.ActiveCfg = Release|iPhone
		{6BD68FDB-362E-4A1E-88DD-54F4EDE466D6}.Release|iPhone.Build.0 = Release|iPhone
		{6BD68FDB-362E-4A1E-88DD-54F4EDE466D6}.Release|iPhoneSimulator.ActiveCfg = Release|iPhoneSimulator
		{6BD68FDB-362E-4A1E-88DD-54F4EDE466D6}.Release|iPhoneSimulator.Build.0 = Release|iPhoneSimulator
		{6BD68FDB-362E-4A1E-88DD-54F4EDE466D6}.Debug|iPhone.ActiveCfg = Debug|iPhone
		{6BD68FDB-362E-4A1E-88DD-54F4EDE466D6}.Debug|iPhone.Build.0 = Debug|iPhone
	EndGlobalSection
EndGlobal
